
Microsoft Visual Studio Solution File, Format Version 12.00
# Visual Studio Version 17
VisualStudioVersion = 17.4.32916.344
MinimumVisualStudioVersion = 10.0.40219.1
Project("{9A19103F-16F7-4668-BE54-9A1E7A4F7556}") = "Acs.Core", "Acs.Core\Acs.Core.csproj", "{D03C77D7-C1D9-4F41-834D-8E1B049A3115}"
EndProject
Project("{FAE04EC0-301F-11D3-BF4B-00C04F79EFBC}") = "Acs.Core.Test", "Acs.Core.Test\Acs.Core.Test.csproj", "{83B9C546-4B7E-48E3-9EF6-CCDD7F642198}"
EndProject
Global
	GlobalSection(SolutionConfigurationPlatforms) = preSolution
		Debug|Any CPU = Debug|Any CPU
		Release|Any CPU = Release|Any CPU
	EndGlobalSection
	GlobalSection(ProjectConfigurationPlatforms) = postSolution
		{D03C77D7-C1D9-4F41-834D-8E1B049A3115}.Debug|Any CPU.ActiveCfg = Debug|Any CPU
		{D03C77D7-C1D9-4F41-834D-8E1B049A3115}.Debug|Any CPU.Build.0 = Debug|Any CPU
		{D03C77D7-C1D9-4F41-834D-8E1B049A3115}.Release|Any CPU.ActiveCfg = Release|Any CPU
		{D03C77D7-C1D9-4F41-834D-8E1B049A3115}.Release|Any CPU.Build.0 = Release|Any CPU
		{83B9C546-4B7E-48E3-9EF6-CCDD7F642198}.Debug|Any CPU.ActiveCfg = Debug|Any CPU
		{83B9C546-4B7E-48E3-9EF6-CCDD7F642198}.Debug|Any CPU.Build.0 = Debug|Any CPU
		{83B9C546-4B7E-48E3-9EF6-CCDD7F642198}.Release|Any CPU.ActiveCfg = Release|Any CPU
		{83B9C546-4B7E-48E3-9EF6-CCDD7F642198}.Release|Any CPU.Build.0 = Release|Any CPU
	EndGlobalSection
	GlobalSection(SolutionProperties) = preSolution
		HideSolutionNode = FALSE
	EndGlobalSection
	GlobalSection(ExtensibilityGlobals) = postSolution
		SolutionGuid = {2F89335E-705E-4396-9612-26D9B8967588}
	EndGlobalSection
EndGlobal
